
Microsoft Visual Studio Solution File, Format Version 12.00
# Visual Studio Version 17
VisualStudioVersion = 17.7.34202.233
MinimumVisualStudioVersion = 10.0.40219.1
Project("{FAE04EC0-301F-11D3-BF4B-00C04F79EFBC}") = "DoAnCoSo2", "DoAnCoSo2\DoAnCoSo2.csproj", "{DE3B5FE8-8B0E-4709-86B1-E61C47F14CDF}"
EndProject
Global
	GlobalSection(SolutionConfigurationPlatforms) = preSolution
		Debug|Any CPU = Debug|Any CPU
		Release|Any CPU = Release|Any CPU
	EndGlobalSection
	GlobalSection(ProjectConfigurationPlatforms) = postSolution
		{DE3B5FE8-8B0E-4709-86B1-E61C47F14CDF}.Debug|Any CPU.ActiveCfg = Debug|Any CPU
		{DE3B5FE8-8B0E-4709-86B1-E61C47F14CDF}.Debug|Any CPU.Build.0 = Debug|Any CPU
		{DE3B5FE8-8B0E-4709-86B1-E61C47F14CDF}.Release|Any CPU.ActiveCfg = Release|Any CPU
		{DE3B5FE8-8B0E-4709-86B1-E61C47F14CDF}.Release|Any CPU.Build.0 = Release|Any CPU
	EndGlobalSection
	GlobalSection(SolutionProperties) = preSolution
		HideSolutionNode = FALSE
	EndGlobalSection
	GlobalSection(ExtensibilityGlobals) = postSolution
		SolutionGuid = {F3403F7A-9D67-4993-96DF-2B971798F724}
	EndGlobalSection
EndGlobal
